// !$*UTF8*$!
{
	archiveVersion = 1;
	classes = {
	};
	objectVersion = 56;
	objects = {

/* Begin PBXBuildFile section */
		BF8377192C51E5B600219370 /* SuperHeroFinderApp.swift in Sources */ = {isa = PBXBuildFile; fileRef = BF8377182C51E5B600219370 /* SuperHeroFinderApp.swift */; };
		BF83771B2C51E5B600219370 /* ContentView.swift in Sources */ = {isa = PBXBuildFile; fileRef = BF83771A2C51E5B600219370 /* ContentView.swift */; };
		BF83771D2C51E5B800219370 /* Assets.xcassets in Resources */ = {isa = PBXBuildFile; fileRef = BF83771C2C51E5B800219370 /* Assets.xcassets */; };
		BF8377212C51E5B800219370 /* Preview Assets.xcassets in Resources */ = {isa = PBXBuildFile; fileRef = BF8377202C51E5B800219370 /* Preview Assets.xcassets */; };
		BF83772B2C51E5B800219370 /* SuperHeroFinderTests.swift in Sources */ = {isa = PBXBuildFile; fileRef = BF83772A2C51E5B800219370 /* SuperHeroFinderTests.swift */; };
		BF8377352C51E5B800219370 /* SuperHeroFinderUITests.swift in Sources */ = {isa = PBXBuildFile; fileRef = BF8377342C51E5B800219370 /* SuperHeroFinderUITests.swift */; };
		BF8377372C51E5B800219370 /* SuperHeroFinderUITestsLaunchTests.swift in Sources */ = {isa = PBXBuildFile; fileRef = BF8377362C51E5B800219370 /* SuperHeroFinderUITestsLaunchTests.swift */; };
		BF8377462C51F1EF00219370 /* ApiNetwork.swift in Sources */ = {isa = PBXBuildFile; fileRef = BF8377452C51F1EF00219370 /* ApiNetwork.swift */; };
/* End PBXBuildFile section */

/* Begin PBXContainerItemProxy section */
		BF8377272C51E5B800219370 /* PBXContainerItemProxy */ = {
			isa = PBXContainerItemProxy;
			containerPortal = BF83770D2C51E5B600219370 /* Project object */;
			proxyType = 1;
			remoteGlobalIDString = BF8377142C51E5B600219370;
			remoteInfo = SuperHeroFinder;
		};
		BF8377312C51E5B800219370 /* PBXContainerItemProxy */ = {
			isa = PBXContainerItemProxy;
			containerPortal = BF83770D2C51E5B600219370 /* Project object */;
			proxyType = 1;
			remoteGlobalIDString = BF8377142C51E5B600219370;
			remoteInfo = SuperHeroFinder;
		};
/* End PBXContainerItemProxy section */

/* Begin PBXFileReference section */
		BF8377152C51E5B600219370 /* SuperHeroFinder.app */ = {isa = PBXFileReference; explicitFileType = wrapper.application; includeInIndex = 0; path = SuperHeroFinder.app; sourceTree = BUILT_PRODUCTS_DIR; };
		BF8377182C51E5B600219370 /* SuperHeroFinderApp.swift */ = {isa = PBXFileReference; lastKnownFileType = sourcecode.swift; path = SuperHeroFinderApp.swift; sourceTree = "<group>"; };
		BF83771A2C51E5B600219370 /* ContentView.swift */ = {isa = PBXFileReference; lastKnownFileType = sourcecode.swift; path = ContentView.swift; sourceTree = "<group>"; };
		BF83771C2C51E5B800219370 /* Assets.xcassets */ = {isa = PBXFileReference; lastKnownFileType = folder.assetcatalog; path = Assets.xcassets; sourceTree = "<group>"; };
		BF83771E2C51E5B800219370 /* SuperHeroFinder.entitlements */ = {isa = PBXFileReference; lastKnownFileType = text.plist.entitlements; path = SuperHeroFinder.entitlements; sourceTree = "<group>"; };
		BF8377202C51E5B800219370 /* Preview Assets.xcassets */ = {isa = PBXFileReference; lastKnownFileType = folder.assetcatalog; path = "Preview Assets.xcassets"; sourceTree = "<group>"; };
		BF8377262C51E5B800219370 /* SuperHeroFinderTests.xctest */ = {isa = PBXFileReference; explicitFileType = wrapper.cfbundle; includeInIndex = 0; path = SuperHeroFinderTests.xctest; sourceTree = BUILT_PRODUCTS_DIR; };
		BF83772A2C51E5B800219370 /* SuperHeroFinderTests.swift */ = {isa = PBXFileReference; lastKnownFileType = sourcecode.swift; path = SuperHeroFinderTests.swift; sourceTree = "<group>"; };
		BF8377302C51E5B800219370 /* SuperHeroFinderUITests.xctest */ = {isa = PBXFileReference; explicitFileType = wrapper.cfbundle; includeInIndex = 0; path = SuperHeroFinderUITests.xctest; sourceTree = BUILT_PRODUCTS_DIR; };
		BF8377342C51E5B800219370 /* SuperHeroFinderUITests.swift */ = {isa = PBXFileReference; lastKnownFileType = sourcecode.swift; path = SuperHeroFinderUITests.swift; sourceTree = "<group>"; };
		BF8377362C51E5B800219370 /* SuperHeroFinderUITestsLaunchTests.swift */ = {isa = PBXFileReference; lastKnownFileType = sourcecode.swift; path = SuperHeroFinderUITestsLaunchTests.swift; sourceTree = "<group>"; };
		BF8377452C51F1EF00219370 /* ApiNetwork.swift */ = {isa = PBXFileReference; lastKnownFileType = sourcecode.swift; path = ApiNetwork.swift; sourceTree = "<group>"; };
/* End PBXFileReference section */

/* Begin PBXFrameworksBuildPhase section */
		BF8377122C51E5B600219370 /* Frameworks */ = {
			isa = PBXFrameworksBuildPhase;
			buildActionMask = 2147483647;
			files = (
			);
			runOnlyForDeploymentPostprocessing = 0;
		};
		BF8377232C51E5B800219370 /* Frameworks */ = {
			isa = PBXFrameworksBuildPhase;
			buildActionMask = 2147483647;
			files = (
			);
			runOnlyForDeploymentPostprocessing = 0;
		};
		BF83772D2C51E5B800219370 /* Frameworks */ = {
			isa = PBXFrameworksBuildPhase;
			buildActionMask = 2147483647;
			files = (
			);
			runOnlyForDeploymentPostprocessing = 0;
		};
/* End PBXFrameworksBuildPhase section */

/* Begin PBXGroup section */
		BF83770C2C51E5B600219370 = {
			isa = PBXGroup;
			children = (
				BF8377172C51E5B600219370 /* SuperHeroFinder */,
				BF8377292C51E5B800219370 /* SuperHeroFinderTests */,
				BF8377332C51E5B800219370 /* SuperHeroFinderUITests */,
				BF8377162C51E5B600219370 /* Products */,
			);
			sourceTree = "<group>";
		};
		BF8377162C51E5B600219370 /* Products */ = {
			isa = PBXGroup;
			children = (
				BF8377152C51E5B600219370 /* SuperHeroFinder.app */,
				BF8377262C51E5B800219370 /* SuperHeroFinderTests.xctest */,
				BF8377302C51E5B800219370 /* SuperHeroFinderUITests.xctest */,
			);
			name = Products;
			sourceTree = "<group>";
		};
		BF8377172C51E5B600219370 /* SuperHeroFinder */ = {
			isa = PBXGroup;
			children = (
				BF8377182C51E5B600219370 /* SuperHeroFinderApp.swift */,
				BF83771A2C51E5B600219370 /* ContentView.swift */,
				BF83771C2C51E5B800219370 /* Assets.xcassets */,
				BF83771E2C51E5B800219370 /* SuperHeroFinder.entitlements */,
				BF83771F2C51E5B800219370 /* Preview Content */,
				BF8377452C51F1EF00219370 /* ApiNetwork.swift */,
			);
			path = SuperHeroFinder;
			sourceTree = "<group>";
		};
		BF83771F2C51E5B800219370 /* Preview Content */ = {
			isa = PBXGroup;
			children = (
				BF8377202C51E5B800219370 /* Preview Assets.xcassets */,
			);
			path = "Preview Content";
			sourceTree = "<group>";
		};
		BF8377292C51E5B800219370 /* SuperHeroFinderTests */ = {
			isa = PBXGroup;
			children = (
				BF83772A2C51E5B800219370 /* SuperHeroFinderTests.swift */,
			);
			path = SuperHeroFinderTests;
			sourceTree = "<group>";
		};
		BF8377332C51E5B800219370 /* SuperHeroFinderUITests */ = {
			isa = PBXGroup;
			children = (
				BF8377342C51E5B800219370 /* SuperHeroFinderUITests.swift */,
				BF8377362C51E5B800219370 /* SuperHeroFinderUITestsLaunchTests.swift */,
			);
			path = SuperHeroFinderUITests;
			sourceTree = "<group>";
		};
/* End PBXGroup section */

/* Begin PBXNativeTarget section */
		BF8377142C51E5B600219370 /* SuperHeroFinder */ = {
			isa = PBXNativeTarget;
			buildConfigurationList = BF83773A2C51E5B800219370 /* Build configuration list for PBXNativeTarget "SuperHeroFinder" */;
			buildPhases = (
				BF8377112C51E5B600219370 /* Sources */,
				BF8377122C51E5B600219370 /* Frameworks */,
				BF8377132C51E5B600219370 /* Resources */,
			);
			buildRules = (
			);
			dependencies = (
			);
			name = SuperHeroFinder;
			productName = SuperHeroFinder;
			productReference = BF8377152C51E5B600219370 /* SuperHeroFinder.app */;
			productType = "com.apple.product-type.application";
		};
		BF8377252C51E5B800219370 /* SuperHeroFinderTests */ = {
			isa = PBXNativeTarget;
			buildConfigurationList = BF83773D2C51E5B800219370 /* Build configuration list for PBXNativeTarget "SuperHeroFinderTests" */;
			buildPhases = (
				BF8377222C51E5B800219370 /* Sources */,
				BF8377232C51E5B800219370 /* Frameworks */,
				BF8377242C51E5B800219370 /* Resources */,
			);
			buildRules = (
			);
			dependencies = (
				BF8377282C51E5B800219370 /* PBXTargetDependency */,
			);
			name = SuperHeroFinderTests;
			productName = SuperHeroFinderTests;
			productReference = BF8377262C51E5B800219370 /* SuperHeroFinderTests.xctest */;
			productType = "com.apple.product-type.bundle.unit-test";
		};
		BF83772F2C51E5B800219370 /* SuperHeroFinderUITests */ = {
			isa = PBXNativeTarget;
			buildConfigurationList = BF8377402C51E5B800219370 /* Build configuration list for PBXNativeTarget "SuperHeroFinderUITests" */;
			buildPhases = (
				BF83772C2C51E5B800219370 /* Sources */,
				BF83772D2C51E5B800219370 /* Frameworks */,
				BF83772E2C51E5B800219370 /* Resources */,
			);
			buildRules = (
			);
			dependencies = (
				BF8377322C51E5B800219370 /* PBXTargetDependency */,
			);
			name = SuperHeroFinderUITests;
			productName = SuperHeroFinderUITests;
			productReference = BF8377302C51E5B800219370 /* SuperHeroFinderUITests.xctest */;
			productType = "com.apple.product-type.bundle.ui-testing";
		};
/* End PBXNativeTarget section */

/* Begin PBXProject section */
		BF83770D2C51E5B600219370 /* Project object */ = {
			isa = PBXProject;
			attributes = {
				BuildIndependentTargetsInParallel = 1;
				LastSwiftUpdateCheck = 1540;
				LastUpgradeCheck = 1540;
				TargetAttributes = {
					BF8377142C51E5B600219370 = {
						CreatedOnToolsVersion = 15.4;
					};
					BF8377252C51E5B800219370 = {
						CreatedOnToolsVersion = 15.4;
						TestTargetID = BF8377142C51E5B600219370;
					};
					BF83772F2C51E5B800219370 = {
						CreatedOnToolsVersion = 15.4;
						TestTargetID = BF8377142C51E5B600219370;
					};
				};
			};
			buildConfigurationList = BF8377102C51E5B600219370 /* Build configuration list for PBXProject "SuperHeroFinder" */;
			compatibilityVersion = "Xcode 14.0";
			developmentRegion = en;
			hasScannedForEncodings = 0;
			knownRegions = (
				en,
				Base,
			);
			mainGroup = BF83770C2C51E5B600219370;
			productRefGroup = BF8377162C51E5B600219370 /* Products */;
			projectDirPath = "";
			projectRoot = "";
			targets = (
				BF8377142C51E5B600219370 /* SuperHeroFinder */,
				BF8377252C51E5B800219370 /* SuperHeroFinderTests */,
				BF83772F2C51E5B800219370 /* SuperHeroFinderUITests */,
			);
		};
/* End PBXProject section */

/* Begin PBXResourcesBuildPhase section */
		BF8377132C51E5B600219370 /* Resources */ = {
			isa = PBXResourcesBuildPhase;
			buildActionMask = 2147483647;
			files = (
				BF8377212C51E5B800219370 /* Preview Assets.xcassets in Resources */,
				BF83771D2C51E5B800219370 /* Assets.xcassets in Resources */,
			);
			runOnlyForDeploymentPostprocessing = 0;
		};
		BF8377242C51E5B800219370 /* Resources */ = {
			isa = PBXResourcesBuildPhase;
			buildActionMask = 2147483647;
			files = (
			);
			runOnlyForDeploymentPostprocessing = 0;
		};
		BF83772E2C51E5B800219370 /* Resources */ = {
			isa = PBXResourcesBuildPhase;
			buildActionMask = 2147483647;
			files = (
			);
			runOnlyForDeploymentPostprocessing = 0;
		};
/* End PBXResourcesBuildPhase section */

/* Begin PBXSourcesBuildPhase section */
		BF8377112C51E5B600219370 /* Sources */ = {
			isa = PBXSourcesBuildPhase;
			buildActionMask = 2147483647;
			files = (
				BF8377462C51F1EF00219370 /* ApiNetwork.swift in Sources */,
				BF83771B2C51E5B600219370 /* ContentView.swift in Sources */,
				BF8377192C51E5B600219370 /* SuperHeroFinderApp.swift in Sources */,
			);
			runOnlyForDeploymentPostprocessing = 0;
		};
		BF8377222C51E5B800219370 /* Sources */ = {
			isa = PBXSourcesBuildPhase;
			buildActionMask = 2147483647;
			files = (
				BF83772B2C51E5B800219370 /* SuperHeroFinderTests.swift in Sources */,
			);
			runOnlyForDeploymentPostprocessing = 0;
		};
		BF83772C2C51E5B800219370 /* Sources */ = {
			isa = PBXSourcesBuildPhase;
			buildActionMask = 2147483647;
			files = (
				BF8377372C51E5B800219370 /* SuperHeroFinderUITestsLaunchTests.swift in Sources */,
				BF8377352C51E5B800219370 /* SuperHeroFinderUITests.swift in Sources */,
			);
			runOnlyForDeploymentPostprocessing = 0;
		};
/* End PBXSourcesBuildPhase section */

/* Begin PBXTargetDependency section */
		BF8377282C51E5B800219370 /* PBXTargetDependency */ = {
			isa = PBXTargetDependency;
			target = BF8377142C51E5B600219370 /* SuperHeroFinder */;
			targetProxy = BF8377272C51E5B800219370 /* PBXContainerItemProxy */;
		};
		BF8377322C51E5B800219370 /* PBXTargetDependency */ = {
			isa = PBXTargetDependency;
			target = BF8377142C51E5B600219370 /* SuperHeroFinder */;
			targetProxy = BF8377312C51E5B800219370 /* PBXContainerItemProxy */;
		};
/* End PBXTargetDependency section */

/* Begin XCBuildConfiguration section */
		BF8377382C51E5B800219370 /* Debug */ = {
			isa = XCBuildConfiguration;
			buildSettings = {
				ALWAYS_SEARCH_USER_PATHS = NO;
				ASSETCATALOG_COMPILER_GENERATE_SWIFT_ASSET_SYMBOL_EXTENSIONS = YES;
				CLANG_ANALYZER_NONNULL = YES;
				CLANG_ANALYZER_NUMBER_OBJECT_CONVERSION = YES_AGGRESSIVE;
				CLANG_CXX_LANGUAGE_STANDARD = "gnu++20";
				CLANG_ENABLE_MODULES = YES;
				CLANG_ENABLE_OBJC_ARC = YES;
				CLANG_ENABLE_OBJC_WEAK = YES;
				CLANG_WARN_BLOCK_CAPTURE_AUTORELEASING = YES;
				CLANG_WARN_BOOL_CONVERSION = YES;
				CLANG_WARN_COMMA = YES;
				CLANG_WARN_CONSTANT_CONVERSION = YES;
				CLANG_WARN_DEPRECATED_OBJC_IMPLEMENTATIONS = YES;
				CLANG_WARN_DIRECT_OBJC_ISA_USAGE = YES_ERROR;
				CLANG_WARN_DOCUMENTATION_COMMENTS = YES;
				CLANG_WARN_EMPTY_BODY = YES;
				CLANG_WARN_ENUM_CONVERSION = YES;
				CLANG_WARN_INFINITE_RECURSION = YES;
				CLANG_WARN_INT_CONVERSION = YES;
				CLANG_WARN_NON_LITERAL_NULL_CONVERSION = YES;
				CLANG_WARN_OBJC_IMPLICIT_RETAIN_SELF = YES;
				CLANG_WARN_OBJC_LITERAL_CONVERSION = YES;
				CLANG_WARN_OBJC_ROOT_CLASS = YES_ERROR;
				CLANG_WARN_QUOTED_INCLUDE_IN_FRAMEWORK_HEADER = YES;
				CLANG_WARN_RANGE_LOOP_ANALYSIS = YES;
				CLANG_WARN_STRICT_PROTOTYPES = YES;
				CLANG_WARN_SUSPICIOUS_MOVE = YES;
				CLANG_WARN_UNGUARDED_AVAILABILITY = YES_AGGRESSIVE;
				CLANG_WARN_UNREACHABLE_CODE = YES;
				CLANG_WARN__DUPLICATE_METHOD_MATCH = YES;
				COPY_PHASE_STRIP = NO;
				DEBUG_INFORMATION_FORMAT = dwarf;
				ENABLE_STRICT_OBJC_MSGSEND = YES;
				ENABLE_TESTABILITY = YES;
				ENABLE_USER_SCRIPT_SANDBOXING = YES;
				GCC_C_LANGUAGE_STANDARD = gnu17;
				GCC_DYNAMIC_NO_PIC = NO;
				GCC_NO_COMMON_BLOCKS = YES;
				GCC_OPTIMIZATION_LEVEL = 0;
				GCC_PREPROCESSOR_DEFINITIONS = (
					"DEBUG=1",
					"$(inherited)",
				);
				GCC_WARN_64_TO_32_BIT_CONVERSION = YES;
				GCC_WARN_ABOUT_RETURN_TYPE = YES_ERROR;
				GCC_WARN_UNDECLARED_SELECTOR = YES;
				GCC_WARN_UNINITIALIZED_AUTOS = YES_AGGRESSIVE;
				GCC_WARN_UNUSED_FUNCTION = YES;
				GCC_WARN_UNUSED_VARIABLE = YES;
				LOCALIZATION_PREFERS_STRING_CATALOGS = YES;
				MTL_ENABLE_DEBUG_INFO = INCLUDE_SOURCE;
				MTL_FAST_MATH = YES;
				ONLY_ACTIVE_ARCH = YES;
				SWIFT_ACTIVE_COMPILATION_CONDITIONS = "DEBUG $(inherited)";
				SWIFT_OPTIMIZATION_LEVEL = "-Onone";
			};
			name = Debug;
		};
		BF8377392C51E5B800219370 /* Release */ = {
			isa = XCBuildConfiguration;
			buildSettings = {
				ALWAYS_SEARCH_USER_PATHS = NO;
				ASSETCATALOG_COMPILER_GENERATE_SWIFT_ASSET_SYMBOL_EXTENSIONS = YES;
				CLANG_ANALYZER_NONNULL = YES;
				CLANG_ANALYZER_NUMBER_OBJECT_CONVERSION = YES_AGGRESSIVE;
				CLANG_CXX_LANGUAGE_STANDARD = "gnu++20";
				CLANG_ENABLE_MODULES = YES;
				CLANG_ENABLE_OBJC_ARC = YES;
				CLANG_ENABLE_OBJC_WEAK = YES;
				CLANG_WARN_BLOCK_CAPTURE_AUTORELEASING = YES;
				CLANG_WARN_BOOL_CONVERSION = YES;
				CLANG_WARN_COMMA = YES;
				CLANG_WARN_CONSTANT_CONVERSION = YES;
				CLANG_WARN_DEPRECATED_OBJC_IMPLEMENTATIONS = YES;
				CLANG_WARN_DIRECT_OBJC_ISA_USAGE = YES_ERROR;
				CLANG_WARN_DOCUMENTATION_COMMENTS = YES;
				CLANG_WARN_EMPTY_BODY = YES;
				CLANG_WARN_ENUM_CONVERSION = YES;
				CLANG_WARN_INFINITE_RECURSION = YES;
				CLANG_WARN_INT_CONVERSION = YES;
				CLANG_WARN_NON_LITERAL_NULL_CONVERSION = YES;
				CLANG_WARN_OBJC_IMPLICIT_RETAIN_SELF = YES;
				CLANG_WARN_OBJC_LITERAL_CONVERSION = YES;
				CLANG_WARN_OBJC_ROOT_CLASS = YES_ERROR;
				CLANG_WARN_QUOTED_INCLUDE_IN_FRAMEWORK_HEADER = YES;
				CLANG_WARN_RANGE_LOOP_ANALYSIS = YES;
				CLANG_WARN_STRICT_PROTOTYPES = YES;
				CLANG_WARN_SUSPICIOUS_MOVE = YES;
				CLANG_WARN_UNGUARDED_AVAILABILITY = YES_AGGRESSIVE;
				CLANG_WARN_UNREACHABLE_CODE = YES;
				CLANG_WARN__DUPLICATE_METHOD_MATCH = YES;
				COPY_PHASE_STRIP = NO;
				DEBUG_INFORMATION_FORMAT = "dwarf-with-dsym";
				ENABLE_NS_ASSERTIONS = NO;
				ENABLE_STRICT_OBJC_MSGSEND = YES;
				ENABLE_USER_SCRIPT_SANDBOXING = YES;
				GCC_C_LANGUAGE_STANDARD = gnu17;
				GCC_NO_COMMON_BLOCKS = YES;
				GCC_WARN_64_TO_32_BIT_CONVERSION = YES;
				GCC_WARN_ABOUT_RETURN_TYPE = YES_ERROR;
				GCC_WARN_UNDECLARED_SELECTOR = YES;
				GCC_WARN_UNINITIALIZED_AUTOS = YES_AGGRESSIVE;
				GCC_WARN_UNUSED_FUNCTION = YES;
				GCC_WARN_UNUSED_VARIABLE = YES;
				LOCALIZATION_PREFERS_STRING_CATALOGS = YES;
				MTL_ENABLE_DEBUG_INFO = NO;
				MTL_FAST_MATH = YES;
				SWIFT_COMPILATION_MODE = wholemodule;
			};
			name = Release;
		};
		BF83773B2C51E5B800219370 /* Debug */ = {
			isa = XCBuildConfiguration;
			buildSettings = {
				ASSETCATALOG_COMPILER_APPICON_NAME = AppIcon;
				ASSETCATALOG_COMPILER_GLOBAL_ACCENT_COLOR_NAME = AccentColor;
				CODE_SIGN_ENTITLEMENTS = SuperHeroFinder/SuperHeroFinder.entitlements;
				CODE_SIGN_STYLE = Automatic;
				CURRENT_PROJECT_VERSION = 1;
				DEVELOPMENT_ASSET_PATHS = "\"SuperHeroFinder/Preview Content\"";
				ENABLE_PREVIEWS = YES;
				GENERATE_INFOPLIST_FILE = YES;
				"INFOPLIST_KEY_UIApplicationSceneManifest_Generation[sdk=iphoneos*]" = YES;
				"INFOPLIST_KEY_UIApplicationSceneManifest_Generation[sdk=iphonesimulator*]" = YES;
				"INFOPLIST_KEY_UIApplicationSupportsIndirectInputEvents[sdk=iphoneos*]" = YES;
				"INFOPLIST_KEY_UIApplicationSupportsIndirectInputEvents[sdk=iphonesimulator*]" = YES;
				"INFOPLIST_KEY_UILaunchScreen_Generation[sdk=iphoneos*]" = YES;
				"INFOPLIST_KEY_UILaunchScreen_Generation[sdk=iphonesimulator*]" = YES;
				"INFOPLIST_KEY_UIStatusBarStyle[sdk=iphoneos*]" = UIStatusBarStyleDefault;
				"INFOPLIST_KEY_UIStatusBarStyle[sdk=iphonesimulator*]" = UIStatusBarStyleDefault;
				INFOPLIST_KEY_UISupportedInterfaceOrientations_iPad = "UIInterfaceOrientationPortrait UIInterfaceOrientationPortraitUpsideDown UIInterfaceOrientationLandscapeLeft UIInterfaceOrientationLandscapeRight";
				INFOPLIST_KEY_UISupportedInterfaceOrientations_iPhone = "UIInterfaceOrientationPortrait UIInterfaceOrientationLandscapeLeft UIInterfaceOrientationLandscapeRight";
				IPHONEOS_DEPLOYMENT_TARGET = 17.5;
				LD_RUNPATH_SEARCH_PATHS = "@executable_path/Frameworks";
				"LD_RUNPATH_SEARCH_PATHS[sdk=macosx*]" = "@executable_path/../Frameworks";
				MACOSX_DEPLOYMENT_TARGET = 14.5;
				MARKETING_VERSION = 1.0;
				PRODUCT_BUNDLE_IDENTIFIER = com.jimmyplazas.SuperHeroFinder;
				PRODUCT_NAME = "$(TARGET_NAME)";
				SDKROOT = auto;
				SUPPORTED_PLATFORMS = "iphoneos iphonesimulator macosx";
				SWIFT_EMIT_LOC_STRINGS = YES;
				SWIFT_VERSION = 5.0;
				TARGETED_DEVICE_FAMILY = "1,2";
			};
			name = Debug;
		};
		BF83773C2C51E5B800219370 /* Release */ = {
			isa = XCBuildConfiguration;
			buildSettings = {
				ASSETCATALOG_COMPILER_APPICON_NAME = AppIcon;
				ASSETCATALOG_COMPILER_GLOBAL_ACCENT_COLOR_NAME = AccentColor;
				CODE_SIGN_ENTITLEMENTS = SuperHeroFinder/SuperHeroFinder.entitlements;
				CODE_SIGN_STYLE = Automatic;
				CURRENT_PROJECT_VERSION = 1;
				DEVELOPMENT_ASSET_PATHS = "\"SuperHeroFinder/Preview Content\"";
				ENABLE_PREVIEWS = YES;
				GENERATE_INFOPLIST_FILE = YES;
				"INFOPLIST_KEY_UIApplicationSceneManifest_Generation[sdk=iphoneos*]" = YES;
				"INFOPLIST_KEY_UIApplicationSceneManifest_Generation[sdk=iphonesimulator*]" = YES;
				"INFOPLIST_KEY_UIApplicationSupportsIndirectInputEvents[sdk=iphoneos*]" = YES;
				"INFOPLIST_KEY_UIApplicationSupportsIndirectInputEvents[sdk=iphonesimulator*]" = YES;
				"INFOPLIST_KEY_UILaunchScreen_Generation[sdk=iphoneos*]" = YES;
				"INFOPLIST_KEY_UILaunchScreen_Generation[sdk=iphonesimulator*]" = YES;
				"INFOPLIST_KEY_UIStatusBarStyle[sdk=iphoneos*]" = UIStatusBarStyleDefault;
				"INFOPLIST_KEY_UIStatusBarStyle[sdk=iphonesimulator*]" = UIStatusBarStyleDefault;
				INFOPLIST_KEY_UISupportedInterfaceOrientations_iPad = "UIInterfaceOrientationPortrait UIInterfaceOrientationPortraitUpsideDown UIInterfaceOrientationLandscapeLeft UIInterfaceOrientationLandscapeRight";
				INFOPLIST_KEY_UISupportedInterfaceOrientations_iPhone = "UIInterfaceOrientationPortrait UIInterfaceOrientationLandscapeLeft UIInterfaceOrientationLandscapeRight";
				IPHONEOS_DEPLOYMENT_TARGET = 17.5;
				LD_RUNPATH_SEARCH_PATHS = "@executable_path/Frameworks";
				"LD_RUNPATH_SEARCH_PATHS[sdk=macosx*]" = "@executable_path/../Frameworks";
				MACOSX_DEPLOYMENT_TARGET = 14.5;
				MARKETING_VERSION = 1.0;
				PRODUCT_BUNDLE_IDENTIFIER = com.jimmyplazas.SuperHeroFinder;
				PRODUCT_NAME = "$(TARGET_NAME)";
				SDKROOT = auto;
				SUPPORTED_PLATFORMS = "iphoneos iphonesimulator macosx";
				SWIFT_EMIT_LOC_STRINGS = YES;
				SWIFT_VERSION = 5.0;
				TARGETED_DEVICE_FAMILY = "1,2";
			};
			name = Release;
		};
		BF83773E2C51E5B800219370 /* Debug */ = {
			isa = XCBuildConfiguration;
			buildSettings = {
				ALWAYS_EMBED_SWIFT_STANDARD_LIBRARIES = YES;
				BUNDLE_LOADER = "$(TEST_HOST)";
				CODE_SIGN_STYLE = Automatic;
				CURRENT_PROJECT_VERSION = 1;
				GENERATE_INFOPLIST_FILE = YES;
				IPHONEOS_DEPLOYMENT_TARGET = 17.5;
				MACOSX_DEPLOYMENT_TARGET = 14.5;
				MARKETING_VERSION = 1.0;
				PRODUCT_BUNDLE_IDENTIFIER = com.jimmyplazas.SuperHeroFinderTests;
				PRODUCT_NAME = "$(TARGET_NAME)";
				SDKROOT = auto;
				SUPPORTED_PLATFORMS = "iphoneos iphonesimulator macosx";
				SWIFT_EMIT_LOC_STRINGS = NO;
				SWIFT_VERSION = 5.0;
				TARGETED_DEVICE_FAMILY = "1,2";
				TEST_HOST = "$(BUILT_PRODUCTS_DIR)/SuperHeroFinder.app/$(BUNDLE_EXECUTABLE_FOLDER_PATH)/SuperHeroFinder";
			};
			name = Debug;
		};
		BF83773F2C51E5B800219370 /* Release */ = {
			isa = XCBuildConfiguration;
			buildSettings = {
				ALWAYS_EMBED_SWIFT_STANDARD_LIBRARIES = YES;
				BUNDLE_LOADER = "$(TEST_HOST)";
				CODE_SIGN_STYLE = Automatic;
				CURRENT_PROJECT_VERSION = 1;
				GENERATE_INFOPLIST_FILE = YES;
				IPHONEOS_DEPLOYMENT_TARGET = 17.5;
				MACOSX_DEPLOYMENT_TARGET = 14.5;
				MARKETING_VERSION = 1.0;
				PRODUCT_BUNDLE_IDENTIFIER = com.jimmyplazas.SuperHeroFinderTests;
				PRODUCT_NAME = "$(TARGET_NAME)";
				SDKROOT = auto;
				SUPPORTED_PLATFORMS = "iphoneos iphonesimulator macosx";
				SWIFT_EMIT_LOC_STRINGS = NO;
				SWIFT_VERSION = 5.0;
				TARGETED_DEVICE_FAMILY = "1,2";
				TEST_HOST = "$(BUILT_PRODUCTS_DIR)/SuperHeroFinder.app/$(BUNDLE_EXECUTABLE_FOLDER_PATH)/SuperHeroFinder";
			};
			name = Release;
		};
		BF8377412C51E5B800219370 /* Debug */ = {
			isa = XCBuildConfiguration;
			buildSettings = {
				ALWAYS_EMBED_SWIFT_STANDARD_LIBRARIES = YES;
				CODE_SIGN_STYLE = Automatic;
				CURRENT_PROJECT_VERSION = 1;
				GENERATE_INFOPLIST_FILE = YES;
				IPHONEOS_DEPLOYMENT_TARGET = 17.5;
				MACOSX_DEPLOYMENT_TARGET = 14.5;
				MARKETING_VERSION = 1.0;
				PRODUCT_BUNDLE_IDENTIFIER = com.jimmyplazas.SuperHeroFinderUITests;
				PRODUCT_NAME = "$(TARGET_NAME)";
				SDKROOT = auto;
				SUPPORTED_PLATFORMS = "iphoneos iphonesimulator macosx";
				SWIFT_EMIT_LOC_STRINGS = NO;
				SWIFT_VERSION = 5.0;
				TARGETED_DEVICE_FAMILY = "1,2";
				TEST_TARGET_NAME = SuperHeroFinder;
			};
			name = Debug;
		};
		BF8377422C51E5B800219370 /* Release */ = {
			isa = XCBuildConfiguration;
			buildSettings = {
				ALWAYS_EMBED_SWIFT_STANDARD_LIBRARIES = YES;
				CODE_SIGN_STYLE = Automatic;
				CURRENT_PROJECT_VERSION = 1;
				GENERATE_INFOPLIST_FILE = YES;
				IPHONEOS_DEPLOYMENT_TARGET = 17.5;
				MACOSX_DEPLOYMENT_TARGET = 14.5;
				MARKETING_VERSION = 1.0;
				PRODUCT_BUNDLE_IDENTIFIER = com.jimmyplazas.SuperHeroFinderUITests;
				PRODUCT_NAME = "$(TARGET_NAME)";
				SDKROOT = auto;
				SUPPORTED_PLATFORMS = "iphoneos iphonesimulator macosx";
				SWIFT_EMIT_LOC_STRINGS = NO;
				SWIFT_VERSION = 5.0;
				TARGETED_DEVICE_FAMILY = "1,2";
				TEST_TARGET_NAME = SuperHeroFinder;
			};
			name = Release;
		};
/* End XCBuildConfiguration section */

/* Begin XCConfigurationList section */
		BF8377102C51E5B600219370 /* Build configuration list for PBXProject "SuperHeroFinder" */ = {
			isa = XCConfigurationList;
			buildConfigurations = (
				BF8377382C51E5B800219370 /* Debug */,
				BF8377392C51E5B800219370 /* Release */,
			);
			defaultConfigurationIsVisible = 0;
			defaultConfigurationName = Release;
		};
		BF83773A2C51E5B800219370 /* Build configuration list for PBXNativeTarget "SuperHeroFinder" */ = {
			isa = XCConfigurationList;
			buildConfigurations = (
				BF83773B2C51E5B800219370 /* Debug */,
				BF83773C2C51E5B800219370 /* Release */,
			);
			defaultConfigurationIsVisible = 0;
			defaultConfigurationName = Release;
		};
		BF83773D2C51E5B800219370 /* Build configuration list for PBXNativeTarget "SuperHeroFinderTests" */ = {
			isa = XCConfigurationList;
			buildConfigurations = (
				BF83773E2C51E5B800219370 /* Debug */,
				BF83773F2C51E5B800219370 /* Release */,
			);
			defaultConfigurationIsVisible = 0;
			defaultConfigurationName = Release;
		};
		BF8377402C51E5B800219370 /* Build configuration list for PBXNativeTarget "SuperHeroFinderUITests" */ = {
			isa = XCConfigurationList;
			buildConfigurations = (
				BF8377412C51E5B800219370 /* Debug */,
				BF8377422C51E5B800219370 /* Release */,
			);
			defaultConfigurationIsVisible = 0;
			defaultConfigurationName = Release;
		};
/* End XCConfigurationList section */
	};
	rootObject = BF83770D2C51E5B600219370 /* Project object */;
}
